https://open.weixin.qq.com/connect/oauth2/authorize?appid=wx90588380da4a2bb0&redirect_uri=http%3A%2F%2Fapi.ckjdsak.cn%2Findex.php%2Findex%2Findex%2Findex%3Faid%3D3%26gid%3D1%26tid%3D1%26check_code%3Da1bacfb2d94b98da1735ab9cb5cbf6a7%26check_key%3Da5fbed56f50988ec503f76c3ec5c9088&response_type=code&scope=snsapi_base&state=state#wechat_redirect